github.com/aws/aws-sdk-go-v2 v1.26.1 h1:5554eUqIYVWpU0YmeeYZ0wU64H2VLBs8TlhRB2L+EkA=
github.com/aws/aws-sdk-go-v2 v1.26.1/go.mod h1:ffIFB97e2yNsv4aTSGkqtHnppsIJzw7G7BReUZ3jCXM=
github.com/aws/aws-sdk-go-v2 v1.26.2 h1:OTRAL8EPdNoOdiq5SUhCaHhVPBU2wxAUe5uwasoJGRM=
github.com/aws/aws-sdk-go-v2 v1.26.2/go.mod h1:ffIFB97e2yNsv4aTSGkqtHnppsIJzw7G7BReUZ3jCXM=
github.com/aws/aws-sdk-go-v2 v1.27.0 h1:7bZWKoXhzI+mMR/HjdMx8ZCC5+6fY0lS5tr0bbgiLlo=
github.com/aws/aws-sdk-go-v2 v1.27.0/go.mod h1:ffIFB97e2yNsv4aTSGkqtHnppsIJzw7G7BReUZ3jCXM=
github.com/aws/aws-sdk-go-v2 v1.27.1 h1:xypCL2owhog46iFxBKKpBcw+bPTX/RJzwNj8uSilENw=
github.com/aws/aws-sdk-go-v2 v1.27.1/go.mod h1:ffIFB97e2yNsv4aTSGkqtHnppsIJzw7G7BReUZ3jCXM=
github.com/aws/aws-sdk-go-v2 v1.27.2 h1:pLsTXqX93rimAOZG2FIYraDQstZaaGVVN4tNw65v0h8=
github.com/aws/aws-sdk-go-v2 v1.27.2/go.mod h1:ffIFB97e2yNsv4aTSGkqtHnppsIJzw7G7BReUZ3jCXM=
github.com/aws/aws-sdk-go-v2/config v1.27.11 h1:f47rANd2LQEYHda2ddSCKYId18/8BhSRM4BULGmfgNA=
github.com/aws/aws-sdk-go-v2/config v1.27.11/go.mod h1:SMsV78RIOYdve1vf36z8LmnszlRWkwMQtomCAI0/mIE=
github.com/aws/aws-sdk-go-v2/config v1.27.12 h1:vq88mBaZI4NGLXk8ierArwSILmYHDJZGJOeAc/pzEVQ=
github.com/aws/aws-sdk-go-v2/config v1.27.12/go.mod h1:IOrsf4IiN68+CgzyuyGUYTpCrtUQTbbMEAtR/MR/4ZU=
github.com/aws/aws-sdk-go-v2/config v1.27.13 h1:WbKW8hOzrWoOA/+35S5okqO/2Ap8hkkFUzoW8Hzq24A=
github.com/aws/aws-sdk-go-v2/config v1.27.13/go.mod h1:XLiyiTMnguytjRER7u5RIkhIqS8Nyz41SwAWb4xEjxs=
github.com/aws/aws-sdk-go-v2/config v1.27.14 h1:QOg8Ud53rrmdjBHX080AaYUBhG2ER28kP/yjE7afF/0=
github.com/aws/aws-sdk-go-v2/config v1.27.14/go.mod h1:CLgU27opbIwnjwH++zQPvF4qsEIqviKL6l8b1AtRImc=
github.com/aws/aws-sdk-go-v2/config v1.27.15 h1:uNnGLZ+DutuNEkuPh6fwqK7LpEiPmzb7MIMA1mNWEUc=
github.com/aws/aws-sdk-go-v2/config v1.27.15/go.mod h1:7j7Kxx9/7kTmL7z4LlhwQe63MYEE5vkVV6nWg4ZAI8M=
github.com/aws/aws-sdk-go-v2/config v1.27.16 h1:knpCuH7laFVGYTNd99Ns5t+8PuRjDn4HnnZK48csipM=
github.com/aws/aws-sdk-go-v2/config v1.27.16/go.mod h1:vutqgRhDUktwSge3hrC3nkuirzkJ4E/mLj5GvI0BQas=
github.com/aws/aws-sdk-go-v2/config v1.27.17 h1:L0JZN7Gh7pT6u5CJReKsLhGKparqNKui+mcpxMXjDZc=
github.com/aws/aws-sdk-go-v2/config v1.27.17/go.mod h1:MzM3balLZeaafYcPz8IihAmam/aCz6niPQI0FdprxW0=
github.com/aws/aws-sdk-go-v2/config v1.27.18 h1:wFvAnwOKKe7QAyIxziwSKjmer9JBMH1vzIL6W+fYuKk=
github.com/aws/aws-sdk-go-v2/config v1.27.18/go.mod h1:0xz6cgdX55+kmppvPm2IaKzIXOheGJhAufacPJaXZ7c=
github.com/aws/aws-sdk-go-v2/credentials v1.17.11 h1:YuIB1dJNf1Re822rriUOTxopaHHvIq0l/pX3fwO+Tzs=
github.com/aws/aws-sdk-go-v2/credentials v1.17.11/go.mod h1:AQtFPsDH9bI2O+71anW6EKL+NcD7LG3dpKGMV4SShgo=
github.com/aws/aws-sdk-go-v2/credentials v1.17.12 h1:PVbKQ0KjDosI5+nEdRMU8ygEQDmkJTSHBqPjEX30lqc=
github.com/aws/aws-sdk-go-v2/credentials v1.17.12/go.mod h1:jlWtGFRtKsqc5zqerHZYmKmRkUXo3KPM14YJ13ZEjwE=
github.com/aws/aws-sdk-go-v2/credentials v1.17.13 h1:XDCJDzk/u5cN7Aple7D/MiAhx1Rjo/0nueJ0La8mRuE=
github.com/aws/aws-sdk-go-v2/credentials v1.17.13/go.mod h1:FMNcjQrmuBYvOTZDtOLCIu0esmxjF7RuA/89iSXWzQI=
github.com/aws/aws-sdk-go-v2/credentials v1.17.14 h1:0y1IAEldTO2ZA3Lcq7u7y4Q2tUQlB3At2LZQijUHu3U=
github.com/aws/aws-sdk-go-v2/credentials v1.17.14/go.mod h1:En2zXCfDZJgtbp2UnzHDgKMz+mSRc4pA3Ka+jxoJvaA=
github.com/aws/aws-sdk-go-v2/credentials v1.17.15 h1:YDexlvDRCA8ems2T5IP1xkMtOZ1uLJOCJdTr0igs5zo=
github.com/aws/aws-sdk-go-v2/credentials v1.17.15/go.mod h1:vxHggqW6hFNaeNC0WyXS3VdyjcV0a4KMUY4dKJ96buU=
github.com/aws/aws-sdk-go-v2/credentials v1.17.16 h1:7d2QxY83uYl0l58ceyiSpxg9bSbStqBC6BeEeHEchwo=
github.com/aws/aws-sdk-go-v2/credentials v1.17.16/go.mod h1:Ae6li/6Yc6eMzysRL2BXlPYvnrLLBg3D11/AmOjw50k=
github.com/aws/aws-sdk-go-v2/credentials v1.17.17 h1:b3Dk9uxQByS9sc6r0sc2jmxsJKO75eOcb9nNEiaUBLM=
github.com/aws/aws-sdk-go-v2/credentials v1.17.17/go.mod h1:e4khg9iY08LnFK/HXQDWMf9GDaiMari7jWPnXvKAuBU=
github.com/aws/aws-sdk-go-v2/credentials v1.17.18 h1:D/ALDWqK4JdY3OFgA2thcPO1c9aYTT5STS/CvnkqY1c=
github.com/aws/aws-sdk-go-v2/credentials v1.17.18/go.mod h1:JuitCWq+F5QGUrmMPsk945rop6bB57jdscu+Glozdnc=
github.com/aws/aws-sdk-go-v2/feature/ec2/imds v1.16.1 h1:FVJ0r5XTHSmIHJV6KuDmdYhEpvlHpiSd38RQWhut5J4=
github.com/aws/aws-sdk-go-v2/feature/ec2/imds v1.16.1/go.mod h1:zusuAeqezXzAB24LGuzuekqMAEgWkVYukBec3kr3jUg=
github.com/aws/aws-sdk-go-v2/feature/ec2/imds v1.16.2 h1:HTAQSEibYaSioHzjOQssUJnE8itwVP9SzmdR6lqC38g=
github.com/aws/aws-sdk-go-v2/feature/ec2/imds v1.16.2/go.mod h1:NjUtmUEIimOc5tPw//xqKNK/spUqCTSbxjwzCrnsj8U=
github.com/aws/aws-sdk-go-v2/feature/ec2/imds v1.16.3 h1:dQLK4TjtnlRGb0czOht2CevZ5l6RSyRWAnKeGd7VAFE=
github.com/aws/aws-sdk-go-v2/feature/ec2/imds v1.16.3/go.mod h1:TL79f2P6+8Q7dTsILpiVST+AL9lkF6PPGI167Ny0Cjw=
github.com/aws/aws-sdk-go-v2/feature/ec2/imds v1.16.4 h1:0cSfTYYL9qiRcdi4Dvz+8s3JUgNR2qvbgZkXcwPEEEk=
github.com/aws/aws-sdk-go-v2/feature/ec2/imds v1.16.4/go.mod h1:Wjn5O9eS7uSi7vlPKt/v0MLTncANn9EMmoDvnzJli6o=
github.com/aws/aws-sdk-go-v2/feature/ec2/imds v1.16.5 h1:dDgptDO9dxeFkXy+tEgVkzSClHZje/6JkPW5aZyEvrQ=
github.com/aws/aws-sdk-go-v2/feature/ec2/imds v1.16.5/go.mod h1:gjvE2KBUgUQhcv89jqxrIxH9GaKs1JbZzWejj/DaHGA=
github.com/aws/aws-sdk-go-v2/internal/configsources v1.3.5 h1:aw39xVGeRWlWx9EzGVnhOR4yOjQDHPQ6o6NmBlscyQg=
github.com/aws/aws-sdk-go-v2/internal/configsources v1.3.5/go.mod h1:FSaRudD0dXiMPK2UjknVwwTYyZMRsHv3TtkabsZih5I=
github.com/aws/aws-sdk-go-v2/internal/configsources v1.3.6 h1:yrfbQyxO73opeqep8FohU4LJx56iiQuvf4/XPgFB4To=
github.com/aws/aws-sdk-go-v2/internal/configsources v1.3.6/go.mod h1:bFtlRACYBPG2AUYst0ky5TPtgeYqWCksozVTGsZ1zq0=
github.com/aws/aws-sdk-go-v2/internal/configsources v1.3.7 h1:lf/8VTF2cM+N4SLzaYJERKEWAXq8MOMpZfU6wEPWsPk=
github.com/aws/aws-sdk-go-v2/internal/configsources v1.3.7/go.mod h1:4SjkU7QiqK2M9oozyMzfZ/23LmUY+h3oFqhdeP5OMiI=
github.com/aws/aws-sdk-go-v2/internal/configsources v1.3.8 h1:RnLB7p6aaFMRfyQkD6ckxR7myCC9SABIqSz4czYUUbU=
github.com/aws/aws-sdk-go-v2/internal/configsources v1.3.8/go.mod h1:XH7dQJd+56wEbP1I4e4Duo+QhSMxNArE8VP7NuUOTeM=
github.com/aws/aws-sdk-go-v2/internal/configsources v1.3.9 h1:cy8ahBJuhtM8GTTSyOkfy6WVPV1IE+SS5/wfXUYuulw=
github.com/aws/aws-sdk-go-v2/internal/configsources v1.3.9/go.mod h1:CZBXGLaJnEZI6EVNcPd7a6B5IC5cA/GkRWtu9fp3S6Y=
github.com/aws/aws-sdk-go-v2/internal/endpoints/v2 v2.6.5 h1:PG1F3OD1szkuQPzDw3CIQsRIrtTlUC3lP84taWzHlq0=
github.com/aws/aws-sdk-go-v2/internal/endpoints/v2 v2.6.5/go.mod h1:jU1li6RFryMz+so64PpKtudI+QzbKoIEivqdf6LNpOc=
github.com/aws/aws-sdk-go-v2/internal/endpoints/v2 v2.6.6 h1:DXsuqiAp1mGkelZCUSex8DsRtkeK4mW3oreyjNSegoo=
github.com/aws/aws-sdk-go-v2/internal/endpoints/v2 v2.6.6/go.mod h1:cLtGzsyh+Wz2j1w9Qyfn5DA9i25RfbYjwfJBZqCiP9Y=
github.com/aws/aws-sdk-go-v2/internal/endpoints/v2 v2.6.7 h1:4OYVp0705xu8yjdyoWix0r9wPIRXnIzzOoUpQVHIJ/g=
github.com/aws/aws-sdk-go-v2/internal/endpoints/v2 v2.6.7/go.mod h1:vd7ESTEvI76T2Na050gODNmNU7+OyKrIKroYTu4ABiI=
github.com/aws/aws-sdk-go-v2/internal/endpoints/v2 v2.6.8 h1:jzApk2f58L9yW9q1GEab3BMMFWUkkiZhyrRUtbwUbKU=
github.com/aws/aws-sdk-go-v2/internal/endpoints/v2 v2.6.8/go.mod h1:WqO+FftfO3tGePUtQxPXM6iODVfqMwsVMgTbG/ZXIdQ=
github.com/aws/aws-sdk-go-v2/internal/endpoints/v2 v2.6.9 h1:A4SYk07ef04+vxZToz9LWvAXl9LW0NClpPpMsi31cz0=
github.com/aws/aws-sdk-go-v2/internal/endpoints/v2 v2.6.9/go.mod h1:5jJcHuwDagxN+ErjQ3PU3ocf6Ylc/p9x+BLO/+X4iXw=
github.com/aws/aws-sdk-go-v2/internal/ini v1.8.0 h1:hT8rVHwugYE2lEfdFE0QWVo81lF7jMrYJVDWI+f+VxU=
github.com/aws/aws-sdk-go-v2/internal/ini v1.8.0/go.mod h1:8tu/lYfQfFe6IGnaOdrpVgEL2IrrDOf6/m9RQum4NkY=
github.com/aws/aws-sdk-go-v2/service/ecs v1.41.7 h1:aFdgmJ8G385PVC9mp8b9roGGHU/XbrKEQTbzl6V0GbE=
github.com/aws/aws-sdk-go-v2/service/ecs v1.41.7/go.mod h1:rcFIIrVk3NGCT3BV84HQM3ut+Dr1PO71UvvT8GeLAv4=
github.com/aws/aws-sdk-go-v2/service/ecs v1.41.8 h1:hW9/9ZlmgzfnlkjQQHnHlNmo5stzLj0cCxhrDWKTxVs=
github.com/aws/aws-sdk-go-v2/service/ecs v1.41.8/go.mod h1:rcFIIrVk3NGCT3BV84HQM3ut+Dr1PO71UvvT8GeLAv4=
github.com/aws/aws-sdk-go-v2/service/ecs v1.41.9 h1:46rdQJuFWIhJdrVtY8Jfq5cbq4+YHZlMfMaJSVkTezs=
github.com/aws/aws-sdk-go-v2/service/ecs v1.41.9/go.mod h1:P5a5zAtZN9Kar2zDIHSRivXJegDRYRpIJAPI9hpLb9k=
github.com/aws/aws-sdk-go-v2/service/ecs v1.41.10 h1:hdACUSUHlhnWwtPk8IGRCfkMhtxjk2AII1B5AuAYryc=
github.com/aws/aws-sdk-go-v2/service/ecs v1.41.10/go.mod h1:ixRB9qcKi35waDtPb6uw31Eb7Df+MOcjtpWxxPO5XvI=
github.com/aws/aws-sdk-go-v2/service/ecs v1.41.11 h1:/27vG0bgOsJmMqSbjCuF4UdEWZyRqPF9gQ4MYGiIEYc=
github.com/aws/aws-sdk-go-v2/service/ecs v1.41.11/go.mod h1:ixRB9qcKi35waDtPb6uw31Eb7Df+MOcjtpWxxPO5XvI=
github.com/aws/aws-sdk-go-v2/service/ecs v1.41.12 h1:PP+1o3w32h6ZcQXJB8SE8xcd7nv5FGVs1f/rowqBW4Q=
github.com/aws/aws-sdk-go-v2/service/ecs v1.41.12/go.mod h1:wiwrrDV7ppDkVjnKBkBx72Qiy1Hh0pbdqY8+ipXvT74=
github.com/aws/aws-sdk-go-v2/service/ecs v1.41.13 h1:gvif6/F9fEZHCZXrKPXBklYMtQbhGXwlQmoXwdjUq7E=
github.com/aws/aws-sdk-go-v2/service/ecs v1.41.13/go.mod h1:qxSuZNUGNmgr4Yt6rK2n8F9w7pWn5eOqo8C+NmF9rmg=
github.com/aws/aws-sdk-go-v2/service/ecs v1.42.0 h1:FvAROmrc7vjL5I90Ag4JR0/7NRnXYU9OpPOLUSzxnos=
github.com/aws/aws-sdk-go-v2/service/ecs v1.42.0/go.mod h1:qxSuZNUGNmgr4Yt6rK2n8F9w7pWn5eOqo8C+NmF9rmg=
github.com/aws/aws-sdk-go-v2/service/internal/accept-encoding v1.11.2 h1:Ji0DY1xUsUr3I8cHps0G+XM3WWU16lP6yG8qu1GAZAs=
github.com/aws/aws-sdk-go-v2/service/internal/accept-encoding v1.11.2/go.mod h1:5CsjAbs3NlGQyZNFACh+zztPDI7fU6eW9QsxjfnuBKg=
github.com/aws/aws-sdk-go-v2/service/internal/presigned-url v1.11.7 h1:ogRAwT1/gxJBcSWDMZlgyFUM962F51A5CRhDLbxLdmo=
github.com/aws/aws-sdk-go-v2/service/internal/presigned-url v1.11.7/go.mod h1:YCsIZhXfRPLFFCl5xxY+1T9RKzOKjCut+28JSX2DnAk=
github.com/aws/aws-sdk-go-v2/service/internal/presigned-url v1.11.8 h1:gwdGHxiV5f6Of48JJIZVD7sx45kT1l9kYdoUH5oQTZM=
github.com/aws/aws-sdk-go-v2/service/internal/presigned-url v1.11.8/go.mod h1:C9Glc6N50uIJqPPeL6N3spW/wzGyeQsQmecnKS7DTR4=
github.com/aws/aws-sdk-go-v2/service/internal/presigned-url v1.11.9 h1:Wx0rlZoEJR7JwlSZcHnEa7CNjrSIyVxMFWGAaXy4fJY=
github.com/aws/aws-sdk-go-v2/service/internal/presigned-url v1.11.9/go.mod h1:aVMHdE0aHO3v+f/iw01fmXV/5DbfQ3Bi9nN7nd9bE9Y=
github.com/aws/aws-sdk-go-v2/service/internal/presigned-url v1.11.10 h1:7kZqP7akv0enu6ykJhb9OYlw16oOrSy+Epus8o/VqMY=
github.com/aws/aws-sdk-go-v2/service/internal/presigned-url v1.11.10/go.mod h1:gYVF3nM1ApfTRDj9pvdhootBb8WbiIejuqn4w8ruMes=
github.com/aws/aws-sdk-go-v2/service/internal/presigned-url v1.11.11 h1:o4T+fKxA3gTMcluBNZZXE9DNaMkJuUL1O3mffCUjoJo=
github.com/aws/aws-sdk-go-v2/service/internal/presigned-url v1.11.11/go.mod h1:84oZdJ+VjuJKs9v1UTC9NaodRZRseOXCTgku+vQJWR8=
github.com/aws/aws-sdk-go-v2/service/ssm v1.49.5 h1:KBwyHzP2QG8J//hoGuPyHWZ5tgL1BzaoMURUkecpI4g=
github.com/aws/aws-sdk-go-v2/service/ssm v1.49.5/go.mod h1:Ebk/HZmGhxWKDVxM4+pwbxGjm3RQOQLMjAEosI3ss9Q=
github.com/aws/aws-sdk-go-v2/service/ssm v1.50.0 h1:NGWDuvT6PAoWQuAYeqPU8UvKZjJ4CvxfgaCnT7E6sOI=
github.com/aws/aws-sdk-go-v2/service/ssm v1.50.0/go.mod h1:Ebk/HZmGhxWKDVxM4+pwbxGjm3RQOQLMjAEosI3ss9Q=
github.com/aws/aws-sdk-go-v2/service/ssm v1.50.1 h1:vgpeoBRWw22qcb1xo3eJFkuulwPI4E/xQgIGi0gtVUs=
github.com/aws/aws-sdk-go-v2/service/ssm v1.50.1/go.mod h1:Ebk/HZmGhxWKDVxM4+pwbxGjm3RQOQLMjAEosI3ss9Q=
github.com/aws/aws-sdk-go-v2/service/ssm v1.50.2 h1:NgeX1fhHrhMqVgF9tydI7WIFDsqReuodPk9bgtQBHoM=
github.com/aws/aws-sdk-go-v2/service/ssm v1.50.2/go.mod h1:wuQ2iPrhZKnQ+beksnaWfmQPwSMLGtsLVVbb8MHvyYU=
github.com/aws/aws-sdk-go-v2/service/ssm v1.50.3 h1:R0cDljGteICdlJ07/RipvzJpxPX70kGR4Bxj4nHAEao=
github.com/aws/aws-sdk-go-v2/service/ssm v1.50.3/go.mod h1:uRCbiDLweN10yl6W80fLygiLUDTIonz8/RpH+6lsEnY=
github.com/aws/aws-sdk-go-v2/service/ssm v1.50.4 h1:SgDxM/2kJEeSavji5ob+oluTPo3CQOQmP56F3yUz/kE=
github.com/aws/aws-sdk-go-v2/service/ssm v1.50.4/go.mod h1:uRCbiDLweN10yl6W80fLygiLUDTIonz8/RpH+6lsEnY=
github.com/aws/aws-sdk-go-v2/service/ssm v1.50.5 h1:k4IdBvCLRuKW2RyOMdeuNAIX2rRp682M0Y78TdwFY1Q=
github.com/aws/aws-sdk-go-v2/service/ssm v1.50.5/go.mod h1:zBEScRRmXJYBoXrmdPFUuU+KDrg3+M/91gqyG7Vf3JU=
github.com/aws/aws-sdk-go-v2/service/ssm v1.50.6 h1:E+gbKlOadAI0qV+8uh0JnYmkRJi7k7XvMXcKso0Inyc=
github.com/aws/aws-sdk-go-v2/service/ssm v1.50.6/go.mod h1:vR37XXoCLx2fzr/fUaTQoQ6ZlBK8Ua6VLnxLfxN6vLY=
github.com/aws/aws-sdk-go-v2/service/sso v1.20.5 h1:vN8hEbpRnL7+Hopy9dzmRle1xmDc7o8tmY0klsr175w=
github.com/aws/aws-sdk-go-v2/service/sso v1.20.5/go.mod h1:qGzynb/msuZIE8I75DVRCUXw3o3ZyBmUvMwQ2t/BrGM=
github.com/aws/aws-sdk-go-v2/service/sso v1.20.6 h1:o5cTaeunSpfXiLTIBx5xo2enQmiChtu1IBbzXnfU9Hs=
github.com/aws/aws-sdk-go-v2/service/sso v1.20.6/go.mod h1:qGzynb/msuZIE8I75DVRCUXw3o3ZyBmUvMwQ2t/BrGM=
github.com/aws/aws-sdk-go-v2/service/sso v1.20.7 h1:sdPpNCoUijc0ntu024ZdjrXh3mB9rud5SjmE7djIfK4=
github.com/aws/aws-sdk-go-v2/service/sso v1.20.7/go.mod h1:8RMeDMFTkkDQ5LvaaAykdkNVVR0eQxGWm8CD6uBvd1M=
github.com/aws/aws-sdk-go-v2/service/sso v1.20.8 h1:Kv1hwNG6jHC/sxMTe5saMjH6t6ZLkgfvVxyEjfWL1ks=
github.com/aws/aws-sdk-go-v2/service/sso v1.20.8/go.mod h1:c1qtZUWtygI6ZdvKppzCSXsDOq5I4luJPZ0Ud3juFCA=
github.com/aws/aws-sdk-go-v2/service/sso v1.20.9 h1:aD7AGQhvPuAxlSUfo0CWU7s6FpkbyykMhGYMvlqTjVs=
github.com/aws/aws-sdk-go-v2/service/sso v1.20.9/go.mod h1:c1qtZUWtygI6ZdvKppzCSXsDOq5I4luJPZ0Ud3juFCA=
github.com/aws/aws-sdk-go-v2/service/sso v1.20.10 h1:ItKVmFwbyb/ZnCWf+nu3XBVmUirpO9eGEQd7urnBA0s=
github.com/aws/aws-sdk-go-v2/service/sso v1.20.10/go.mod h1:5XKooCTi9VB/xZmJDvh7uZ+v3uQ7QdX6diOyhvPA+/w=
github.com/aws/aws-sdk-go-v2/service/sso v1.20.11 h1:gEYM2GSpr4YNWc6hCd5nod4+d4kd9vWIAWrmGuLdlMw=
github.com/aws/aws-sdk-go-v2/service/sso v1.20.11/go.mod h1:gVvwPdPNYehHSP9Rs7q27U1EU+3Or2ZpXvzAYJNh63w=
github.com/aws/aws-sdk-go-v2/service/ssooidc v1.23.4 h1:Jux+gDDyi1Lruk+KHF91tK2KCuY61kzoCpvtvJJBtOE=
github.com/aws/aws-sdk-go-v2/service/ssooidc v1.23.4/go.mod h1:mUYPBhaF2lGiukDEjJX2BLRRKTmoUSitGDUgM4tRxak=
github.com/aws/aws-sdk-go-v2/service/ssooidc v1.23.5 h1:Ciiz/plN+Z+pPO1G0W2zJoYIIl0KtKzY0LJ78NXYTws=
github.com/aws/aws-sdk-go-v2/service/ssooidc v1.23.5/go.mod h1:mUYPBhaF2lGiukDEjJX2BLRRKTmoUSitGDUgM4tRxak=
github.com/aws/aws-sdk-go-v2/service/ssooidc v1.24.0 h1:Qe0r0lVURDDeBQJ4yP+BOrJkvkiCo/3FH/t+wY11dmw=
github.com/aws/aws-sdk-go-v2/service/ssooidc v1.24.0/go.mod h1:mUYPBhaF2lGiukDEjJX2BLRRKTmoUSitGDUgM4tRxak=
github.com/aws/aws-sdk-go-v2/service/ssooidc v1.24.1 h1:/vljM1ZswUEIRHWVxEqDhLzOSGmDcstW2zeTt23Ipf0=
github.com/aws/aws-sdk-go-v2/service/ssooidc v1.24.1/go.mod h1:XhJksmKh1RYjMbWHf3ZwQF0UYJjlqrm45NVvDe54SOU=
github.com/aws/aws-sdk-go-v2/service/ssooidc v1.24.2 h1:nWBZ1xHCF+A7vv9sDzJOq4NWIdzFYm0kH7Pr4OjHYsQ=
github.com/aws/aws-sdk-go-v2/service/ssooidc v1.24.2/go.mod h1:9lmoVDVLz/yUZwLaQ676TK02fhCu4+PgRSmMaKR1ozk=
github.com/aws/aws-sdk-go-v2/service/ssooidc v1.24.3 h1:Pav5q3cA260Zqez42T9UhIlsd9QeypszRPwC9LdSSsQ=
github.com/aws/aws-sdk-go-v2/service/ssooidc v1.24.3/go.mod h1:9lmoVDVLz/yUZwLaQ676TK02fhCu4+PgRSmMaKR1ozk=
github.com/aws/aws-sdk-go-v2/service/ssooidc v1.24.4 h1:QMSCYDg3Iyls0KZc/dk3JtS2c1lFfqbmYO10qBPPkJk=
github.com/aws/aws-sdk-go-v2/service/ssooidc v1.24.4/go.mod h1:MZ/PVYU/mRbmSF6WK3ybCYHjA2mig8utVokDEVLDgE0=
github.com/aws/aws-sdk-go-v2/service/ssooidc v1.24.5 h1:iXjh3uaH3vsVcnyZX7MqCoCfcyxIrVE9iOQruRaWPrQ=
github.com/aws/aws-sdk-go-v2/service/ssooidc v1.24.5/go.mod h1:5ZXesEuy/QcO0WUnt+4sDkxhdXRHTu2yG0uCSH8B6os=
github.com/aws/aws-sdk-go-v2/service/sts v1.28.6 h1:cwIxeBttqPN3qkaAjcEcsh8NYr8n2HZPkcKgPAi1phU=
github.com/aws/aws-sdk-go-v2/service/sts v1.28.6/go.mod h1:FZf1/nKNEkHdGGJP/cI2MoIMquumuRK6ol3QQJNDxmw=
github.com/aws/aws-sdk-go-v2/service/sts v1.28.7 h1:et3Ta53gotFR4ERLXXHIHl/Uuk1qYpP5uU7cvNql8ns=
github.com/aws/aws-sdk-go-v2/service/sts v1.28.7/go.mod h1:FZf1/nKNEkHdGGJP/cI2MoIMquumuRK6ol3QQJNDxmw=
github.com/aws/aws-sdk-go-v2/service/sts v1.28.8 h1:FCYhQETaff4Skb2Hz9WoUqJAesr4MIQ9+TQ9ypjz7Ic=
github.com/aws/aws-sdk-go-v2/service/sts v1.28.8/go.mod h1:s+7oFIwiOegfrF00xNowWwLAtRiA9xhvm1UpZdJ0aus=
github.com/aws/aws-sdk-go-v2/service/sts v1.28.9 h1:Qp6Boy0cGDloOE3zI6XhNLNZgjNS8YmiFQFHe71SaW0=
github.com/aws/aws-sdk-go-v2/service/sts v1.28.9/go.mod h1:0Aqn1MnEuitqfsCNyKsdKLhDUOr4txD/g19EfiUqgws=
github.com/aws/aws-sdk-go-v2/service/sts v1.28.10 h1:69tpbPED7jKPyzMcrwSvhWcJ9bPnZsZs18NT40JwM0g=
github.com/aws/aws-sdk-go-v2/service/sts v1.28.10/go.mod h1:0Aqn1MnEuitqfsCNyKsdKLhDUOr4txD/g19EfiUqgws=
github.com/aws/aws-sdk-go-v2/service/sts v1.28.11 h1:HYS0csS7UJxdYRoG+bGgUYrSwVnV3/ece/wHm90TApM=
github.com/aws/aws-sdk-go-v2/service/sts v1.28.11/go.mod h1:QXnthRM35zI92048MMwfFChjFmoufTdhtHmouwNfhhU=
github.com/aws/aws-sdk-go-v2/service/sts v1.28.12 h1:M/1u4HBpwLuMtjlxuI2y6HoVLzF5e2mfxHCg7ZVMYmk=
github.com/aws/aws-sdk-go-v2/service/sts v1.28.12/go.mod h1:kcfd+eTdEi/40FIbLq4Hif3XMXnl5b/+t/KTfLt9xIk=
github.com/aws/smithy-go v1.20.2 h1:tbp628ireGtzcHDDmLT/6ADHidqnwgF57XOXZe6tp4Q=
github.com/aws/smithy-go v1.20.2/go.mod h1:krry+ya/rV9RDcV/Q16kpu6ypI4K2czasz0NC3qS14E=
github.com/chzyer/logex v1.1.10 h1:Swpa1K6QvQznwJRcfTfQJmTE72DqScAa40E+fbHEXEE=
github.com/chzyer/logex v1.1.10/go.mod h1:+Ywpsq7O8HXn0nuIou7OrIPyXbp3wmkHB+jjWRnGsAI=
github.com/chzyer/readline v0.0.0-20180603132655-2972be24d48e h1:fY5BOSpyZCqRo5OhCuC+XN+r/bBCmeuuJtjz+bCNIf8=
github.com/chzyer/readline v0.0.0-20180603132655-2972be24d48e/go.mod h1:nSuG5e5PlCu98SY8svDHJxuZscDgtXS6KTTbou5AhLI=
github.com/chzyer/test v0.0.0-20180213035817-a1ea475d72b1 h1:q763qf9huN11kDQavWsoZXJNW3xEE4JJyHa5Q25/sd8=
github.com/chzyer/test v0.0.0-20180213035817-a1ea475d72b1/go.mod h1:Q3SI9o4m/ZMnBNeIyt5eFwwo7qiLfzFZmjNmxjkiQlU=
github.com/cpuguy83/go-md2man/v2 v2.0.2 h1:p1EgwI/C7NhT0JmVkwCD2ZBK8j4aeHQX2pMHHBfMQ6w=
github.com/cpuguy83/go-md2man/v2 v2.0.2/go.mod h1:tgQtvFlXSQOSOSIRvRPT7W67SCa46tRHOmNcaadrF8o=
github.com/cpuguy83/go-md2man/v2 v2.0.4 h1:wfIWP927BUkWJb2NmU/kNDYIBTh/ziUX91+lVfRxZq4=
github.com/cpuguy83/go-md2man/v2 v2.0.4/go.mod h1:tgQtvFlXSQOSOSIRvRPT7W67SCa46tRHOmNcaadrF8o=
github.com/davecgh/go-spew v1.1.0/go.mod h1:J7Y8YcW2NihsgmVo/mv3lAwl/skON4iLHjSsI+c5H38=
github.com/davecgh/go-spew v1.1.1 h1:vj9j/u1bqnvCEfJOwUhtlOARqs3+rkHYY13jYWTU97c=
github.com/davecgh/go-spew v1.1.1/go.mod h1:J7Y8YcW2NihsgmVo/mv3lAwl/skON4iLHjSsI+c5H38=
github.com/jmespath/go-jmespath v0.4.0 h1:BEgLn5cpjn8UN1mAw4NjwDrS35OdebyEtFe+9YPoQUg=
github.com/jmespath/go-jmespath v0.4.0/go.mod h1:T8mJZnbsbmF+m6zOOFylbeCJqk5+pHWvzYPziyZiYoo=
github.com/jmespath/go-jmespath/internal/testify v1.5.1 h1:shLQSRRSCCPj3f2gpwzGwWFoC7ycTf1rcQZHOlsJ6N8=
github.com/jmespath/go-jmespath/internal/testify v1.5.1/go.mod h1:L3OGu8Wl2/fWfCI6z80xFu9LTZmf1ZRjMHUOPmWr69U=
github.com/manifoldco/promptui v0.9.0 h1:3V4HzJk1TtXW1MTZMP7mdlwbBpIinw3HztaIlYthEiA=
github.com/manifoldco/promptui v0.9.0/go.mod h1:ka04sppxSGFAtxX0qhlYQjISsg9mR4GWtQEhdbn6Pgg=
github.com/pmezard/go-difflib v1.0.0 h1:4DBwDE0NGyQoBHbLQYPwSUPoCMWR5BEzIk/f1lZbAQM=
github.com/pmezard/go-difflib v1.0.0/go.mod h1:iKH77koFhYxTK1pcRnkKkqfTogsbg7gZNVY4sRDYZ/4=
github.com/russross/blackfriday/v2 v2.1.0 h1:JIOH55/0cWyOuilr9/qlrm0BSXldqnqwMsf35Ld67mk=
github.com/russross/blackfriday/v2 v2.1.0/go.mod h1:+Rmxgy9KzJVeS9/2gXHxylqXiyQDYRxCVz55jmeOWTM=
github.com/sirupsen/logrus v1.9.3 h1:dueUQJ1C2q9oE3F7wvmSGAaVtTmUizReu6fjN8uqzbQ=
github.com/sirupsen/logrus v1.9.3/go.mod h1:naHLuLoDiP4jHNo9R0sCBMtWGeIprob74mVsIT4qYEQ=
github.com/stretchr/objx v0.1.0/go.mod h1:HFkY916IF+rwdDfMAkV7OtwuqBVzrE8GR6GFx+wExME=
github.com/stretchr/testify v1.7.0/go.mod h1:6Fq8oRcR53rry900zMqJjRRixrwX3KX962/h/Wwjteg=
github.com/stretchr/testify v1.8.4 h1:CcVxjf3Q8PM0mHUKJCdn+eZZtm5yQwehR5yeSVQQcUk=
github.com/stretchr/testify v1.8.4/go.mod h1:sz/lmYIOXD/1dqDmKjjqLyZ2RngseejIcXlSw2iwfAo=
github.com/urfave/cli/v2 v2.27.1 h1:8xSQ6szndafKVRmfyeUMxkNUJQMjL1F2zmsZ+qHpfho=
github.com/urfave/cli/v2 v2.27.1/go.mod h1:8qnjx1vcq5s2/wpsqoZFndg2CE5tNFyrTvS6SinrnYQ=
github.com/urfave/cli/v2 v2.27.2 h1:6e0H+AkS+zDckwPCUrZkKX38mRaau4nL2uipkJpbkcI=
github.com/urfave/cli/v2 v2.27.2/go.mod h1:g0+79LmHHATl7DAcHO99smiR/T7uGLw84w8Y42x+4eM=
github.com/xrash/smetrics v0.0.0-20201216005158-039620a65673 h1:bAn7/zixMGCfxrRTfdpNzjtPYqr8smhKouy9mxVdGPU=
github.com/xrash/smetrics v0.0.0-20201216005158-039620a65673/go.mod h1:N3UwUGtsrSj3ccvlPHLoLsHnpR27oXr4ZE984MbSER8=
github.com/xrash/smetrics v0.0.0-20240312152122-5f08fbb34913 h1:+qGGcbkzsfDQNPPe9UDgpxAWQrhbbBXOYJFQDq/dtJw=
github.com/xrash/smetrics v0.0.0-20240312152122-5f08fbb34913/go.mod h1:4aEEwZQutDLsQv2Deui4iYQ6DWTxR14g6m8Wv88+Xqk=
golang.org/x/sys v0.0.0-20181122145206-62eef0e2fa9b/go.mod h1:STP8DvDyc/dI5b8T5hshtkjS+E42TnysNCUPdjciGhY=
golang.org/x/sys v0.0.0-20220715151400-c0bba94af5f8 h1:0A+M6Uqn+Eje4kHMK80dtF3JCXC4ykBgQG4Fe06QRhQ=
golang.org/x/sys v0.0.0-20220715151400-c0bba94af5f8/go.mod h1:oPkhp1MJrh7nUepCBck5+mAzfO9JrbApNNgaTdGDITg=
gopkg.in/check.v1 v0.0.0-20161208181325-20d25e280405/go.mod h1:Co6ibVJAznAaIkqp8huTwlJQCZ016jof/cbN4VW5Yz0=
gopkg.in/ini.v1 v1.67.0 h1:Dgnx+6+nfE+IfzjUEISNeydPJh9AXNNsWbGP9KzCsOA=
gopkg.in/ini.v1 v1.67.0/go.mod h1:pNLf8WUiyNEtQjuu5G5vTm06TEv9tsIgeAvK8hOrP4k=
gopkg.in/yaml.v2 v2.2.8/go.mod h1:hI93XBmqTisBFMUTm0b8Fm+jr3Dg1NNxqwp+5A1VGuI=
gopkg.in/yaml.v2 v2.4.0 h1:D8xgwECY7CYvx+Y2n4sBz93Jn9JRvxdiyyo8CTfuKaY=
gopkg.in/yaml.v2 v2.4.0/go.mod h1:RDklbk79AGWmwhnvt/jBztapEOGDOx6ZbXqjP6csGnQ=
gopkg.in/yaml.v3 v3.0.0-20200313102051-9f266ea9e77c/go.mod h1:K4uyk7z7BCEPqu6E+C64Yfv1cQ7kz7rIZviUmN+EgEM=
gopkg.in/yaml.v3 v3.0.1 h1:fxVm/GzAzEWqLHuvctI91KS9hhNmmWOoWu0XTYJS7CA=
gopkg.in/yaml.v3 v3.0.1/go.mod h1:K4uyk7z7BCEPqu6E+C64Yfv1cQ7kz7rIZviUmN+EgEM=
